
Microsoft Visual Studio Solution File, Format Version 12.00
# Visual Studio Version 16
VisualStudioVersion = 16.0.31402.337
MinimumVisualStudioVersion = 10.0.40219.1
Project("{FAE04EC0-301F-11D3-BF4B-00C04F79EFBC}") = "SFUserParser", "SFUserParser\SFUserParser.csproj", "{97FA48DD-827F-498A-9395-B76FB82B50F6}"
EndProject
Global
	GlobalSection(SolutionConfigurationPlatforms) = preSolution
		Debug|Any CPU = Debug|Any CPU
		Release|Any CPU = Release|Any CPU
	EndGlobalSection
	GlobalSection(ProjectConfigurationPlatforms) = postSolution
		{97FA48DD-827F-498A-9395-B76FB82B50F6}.Debug|Any CPU.ActiveCfg = Debug|Any CPU
		{97FA48DD-827F-498A-9395-B76FB82B50F6}.Debug|Any CPU.Build.0 = Debug|Any CPU
		{97FA48DD-827F-498A-9395-B76FB82B50F6}.Release|Any CPU.ActiveCfg = Release|Any CPU
		{97FA48DD-827F-498A-9395-B76FB82B50F6}.Release|Any CPU.Build.0 = Release|Any CPU
	EndGlobalSection
	GlobalSection(SolutionProperties) = preSolution
		HideSolutionNode = FALSE
	EndGlobalSection
	GlobalSection(ExtensibilityGlobals) = postSolution
		SolutionGuid = {313A0E57-93BF-4716-9737-95E721650EC9}
	EndGlobalSection
EndGlobal
